
Microsoft Visual Studio Solution File, Format Version 12.00
# Visual Studio Version 17
VisualStudioVersion = 17.10.35013.160
MinimumVisualStudioVersion = 10.0.40219.1
Project("{FAE04EC0-301F-11D3-BF4B-00C04F79EFBC}") = "BasicLibrary", "BasicLibrary\BasicLibrary.csproj", "{4F2E9613-47FF-4355-924E-9F044F8C0202}"
EndProject
Global
	GlobalSection(SolutionConfigurationPlatforms) = preSolution
		Debug|Any CPU = Debug|Any CPU
		Release|Any CPU = Release|Any CPU
	EndGlobalSection
	GlobalSection(ProjectConfigurationPlatforms) = postSolution
		{4F2E9613-47FF-4355-924E-9F044F8C0202}.Debug|Any CPU.ActiveCfg = Debug|Any CPU
		{4F2E9613-47FF-4355-924E-9F044F8C0202}.Debug|Any CPU.Build.0 = Debug|Any CPU
		{4F2E9613-47FF-4355-924E-9F044F8C0202}.Release|Any CPU.ActiveCfg = Release|Any CPU
		{4F2E9613-47FF-4355-924E-9F044F8C0202}.Release|Any CPU.Build.0 = Release|Any CPU
	EndGlobalSection
	GlobalSection(SolutionProperties) = preSolution
		HideSolutionNode = FALSE
	EndGlobalSection
	GlobalSection(ExtensibilityGlobals) = postSolution
		SolutionGuid = {6C4AAF7D-A956-4846-8016-7B232C87C7F2}
	EndGlobalSection
EndGlobal
